// !$*UTF8*$!
{
	archiveVersion = 1;
	classes = {
	};
	objectVersion = 46;
	objects = {

/* Begin PBXBuildFile section */
		5BC283A31E6142DE00542A87 /* AppDelegate.swift in Sources */ = {isa = PBXBuildFile; fileRef = 5BC283A21E6142DE00542A87 /* AppDelegate.swift */; };
		5BC283AA1E6142DF00542A87 /* Assets.xcassets in Resources */ = {isa = PBXBuildFile; fileRef = 5BC283A91E6142DF00542A87 /* Assets.xcassets */; };
		5BC283BC1E61565200542A87 /* ZDTabBarController.swift in Sources */ = {isa = PBXBuildFile; fileRef = 5BC283BB1E61565200542A87 /* ZDTabBarController.swift */; };
		5BC283BE1E61566600542A87 /* ZDNavigationController.swift in Sources */ = {isa = PBXBuildFile; fileRef = 5BC283BD1E61566600542A87 /* ZDNavigationController.swift */; };
		5BC283D01E61577C00542A87 /* ZDHomeViewController.swift in Sources */ = {isa = PBXBuildFile; fileRef = 5BC283CF1E61577C00542A87 /* ZDHomeViewController.swift */; };
		5BC283D21E61578700542A87 /* ZDLiveViewController.swift in Sources */ = {isa = PBXBuildFile; fileRef = 5BC283D11E61578700542A87 /* ZDLiveViewController.swift */; };
		5BC283D41E61579600542A87 /* ZDFollowViewController.swift in Sources */ = {isa = PBXBuildFile; fileRef = 5BC283D31E61579600542A87 /* ZDFollowViewController.swift */; };
		5BC283D61E6157A100542A87 /* ZDProfileViewController.swift in Sources */ = {isa = PBXBuildFile; fileRef = 5BC283D51E6157A100542A87 /* ZDProfileViewController.swift */; };
/* End PBXBuildFile section */

/* Begin PBXFileReference section */
		5BC2839F1E6142DE00542A87 /* ZDDouYu.app */ = {isa = PBXFileReference; explicitFileType = wrapper.application; includeInIndex = 0; path = ZDDouYu.app; sourceTree = BUILT_PRODUCTS_DIR; };
		5BC283A21E6142DE00542A87 /* AppDelegate.swift */ = {isa = PBXFileReference; lastKnownFileType = sourcecode.swift; path = AppDelegate.swift; sourceTree = "<group>"; };
		5BC283A91E6142DF00542A87 /* Assets.xcassets */ = {isa = PBXFileReference; lastKnownFileType = folder.assetcatalog; path = Assets.xcassets; sourceTree = "<group>"; };
		5BC283AE1E6142DF00542A87 /* Info.plist */ = {isa = PBXFileReference; lastKnownFileType = text.plist.xml; path = Info.plist; sourceTree = "<group>"; };
		5BC283BB1E61565200542A87 /* ZDTabBarController.swift */ = {isa = PBXFileReference; fileEncoding = 4; lastKnownFileType = sourcecode.swift; path = ZDTabBarController.swift; sourceTree = "<group>"; };
		5BC283BD1E61566600542A87 /* ZDNavigationController.swift */ = {isa = PBXFileReference; fileEncoding = 4; lastKnownFileType = sourcecode.swift; path = ZDNavigationController.swift; sourceTree = "<group>"; };
		5BC283CF1E61577C00542A87 /* ZDHomeViewController.swift */ = {isa = PBXFileReference; fileEncoding = 4; lastKnownFileType = sourcecode.swift; path = ZDHomeViewController.swift; sourceTree = "<group>"; };
		5BC283D11E61578700542A87 /* ZDLiveViewController.swift */ = {isa = PBXFileReference; fileEncoding = 4; lastKnownFileType = sourcecode.swift; path = ZDLiveViewController.swift; sourceTree = "<group>"; };
		5BC283D31E61579600542A87 /* ZDFollowViewController.swift */ = {isa = PBXFileReference; fileEncoding = 4; lastKnownFileType = sourcecode.swift; path = ZDFollowViewController.swift; sourceTree = "<group>"; };
		5BC283D51E6157A100542A87 /* ZDProfileViewController.swift */ = {isa = PBXFileReference; fileEncoding = 4; lastKnownFileType = sourcecode.swift; path = ZDProfileViewController.swift; sourceTree = "<group>"; };
/* End PBXFileReference section */

/* Begin PBXFrameworksBuildPhase section */
		5BC2839C1E6142DE00542A87 /* Frameworks */ = {
			isa = PBXFrameworksBuildPhase;
			buildActionMask = 2147483647;
			files = (
			);
			runOnlyForDeploymentPostprocessing = 0;
		};
/* End PBXFrameworksBuildPhase section */

/* Begin PBXGroup section */
		5BC283961E6142DE00542A87 = {
			isa = PBXGroup;
			children = (
				5BC283A11E6142DE00542A87 /* ZDDouYu */,
				5BC283A01E6142DE00542A87 /* Products */,
			);
			sourceTree = "<group>";
		};
		5BC283A01E6142DE00542A87 /* Products */ = {
			isa = PBXGroup;
			children = (
				5BC2839F1E6142DE00542A87 /* ZDDouYu.app */,
			);
			name = Products;
			sourceTree = "<group>";
		};
		5BC283A11E6142DE00542A87 /* ZDDouYu */ = {
			isa = PBXGroup;
			children = (
				5BC283A21E6142DE00542A87 /* AppDelegate.swift */,
				5BC283B41E61560600542A87 /* Classes */,
				5BC283A91E6142DF00542A87 /* Assets.xcassets */,
				5BC283AE1E6142DF00542A87 /* Info.plist */,
			);
			path = ZDDouYu;
			sourceTree = "<group>";
		};
		5BC283B41E61560600542A87 /* Classes */ = {
			isa = PBXGroup;
			children = (
				5BC283B81E61560600542A87 /* Main */,
				5BC283BF1E61575200542A87 /* Home */,
				5BC283C31E61575C00542A87 /* Live */,
				5BC283C71E61576200542A87 /* Follow */,
				5BC283CB1E61576900542A87 /* Profile */,
				5BC283BA1E61560600542A87 /* Tools */,
			);
			path = Classes;
			sourceTree = "<group>";
		};
		5BC283B81E61560600542A87 /* Main */ = {
			isa = PBXGroup;
			children = (
				5BC283BB1E61565200542A87 /* ZDTabBarController.swift */,
				5BC283BD1E61566600542A87 /* ZDNavigationController.swift */,
			);
			path = Main;
			sourceTree = "<group>";
		};
		5BC283BA1E61560600542A87 /* Tools */ = {
			isa = PBXGroup;
			children = (
			);
			path = Tools;
			sourceTree = "<group>";
		};
		5BC283BF1E61575200542A87 /* Home */ = {
			isa = PBXGroup;
			children = (
				5BC283C01E61575200542A87 /* Controller */,
				5BC283C11E61575200542A87 /* Model */,
				5BC283C21E61575200542A87 /* View */,
			);
			path = Home;
			sourceTree = "<group>";
		};
		5BC283C01E61575200542A87 /* Controller */ = {
			isa = PBXGroup;
			children = (
				5BC283CF1E61577C00542A87 /* ZDHomeViewController.swift */,
			);
			path = Controller;
			sourceTree = "<group>";
		};
		5BC283C11E61575200542A87 /* Model */ = {
			isa = PBXGroup;
			children = (
			);
			path = Model;
			sourceTree = "<group>";
		};
		5BC283C21E61575200542A87 /* View */ = {
			isa = PBXGroup;
			children = (
			);
			path = View;
			sourceTree = "<group>";
		};
		5BC283C31E61575C00542A87 /* Live */ = {
			isa = PBXGroup;
			children = (
				5BC283C41E61575C00542A87 /* Controller */,
				5BC283C51E61575C00542A87 /* Model */,
				5BC283C61E61575C00542A87 /* View */,
			);
			path = Live;
			sourceTree = "<group>";
		};
		5BC283C41E61575C00542A87 /* Controller */ = {
			isa = PBXGroup;
			children = (
				5BC283D11E61578700542A87 /* ZDLiveViewController.swift */,
			);
			path = Controller;
			sourceTree = "<group>";
		};
		5BC283C51E61575C00542A87 /* Model */ = {
			isa = PBXGroup;
			children = (
			);
			path = Model;
			sourceTree = "<group>";
		};
		5BC283C61E61575C00542A87 /* View */ = {
			isa = PBXGroup;
			children = (
			);
			path = View;
			sourceTree = "<group>";
		};
		5BC283C71E61576200542A87 /* Follow */ = {
			isa = PBXGroup;
			children = (
				5BC283C81E61576200542A87 /* Controller */,
				5BC283C91E61576200542A87 /* Model */,
				5BC283CA1E61576200542A87 /* View */,
			);
			path = Follow;
			sourceTree = "<group>";
		};
		5BC283C81E61576200542A87 /* Controller */ = {
			isa = PBXGroup;
			children = (
				5BC283D31E61579600542A87 /* ZDFollowViewController.swift */,
			);
			path = Controller;
			sourceTree = "<group>";
		};
		5BC283C91E61576200542A87 /* Model */ = {
			isa = PBXGroup;
			children = (
			);
			path = Model;
			sourceTree = "<group>";
		};
		5BC283CA1E61576200542A87 /* View */ = {
			isa = PBXGroup;
			children = (
			);
			path = View;
			sourceTree = "<group>";
		};
		5BC283CB1E61576900542A87 /* Profile */ = {
			isa = PBXGroup;
			children = (
				5BC283CC1E61576900542A87 /* Controller */,
				5BC283CD1E61576900542A87 /* Model */,
				5BC283CE1E61576900542A87 /* View */,
			);
			path = Profile;
			sourceTree = "<group>";
		};
		5BC283CC1E61576900542A87 /* Controller */ = {
			isa = PBXGroup;
			children = (
				5BC283D51E6157A100542A87 /* ZDProfileViewController.swift */,
			);
			path = Controller;
			sourceTree = "<group>";
		};
		5BC283CD1E61576900542A87 /* Model */ = {
			isa = PBXGroup;
			children = (
			);
			path = Model;
			sourceTree = "<group>";
		};
		5BC283CE1E61576900542A87 /* View */ = {
			isa = PBXGroup;
			children = (
			);
			path = View;
			sourceTree = "<group>";
		};
/* End PBXGroup section */

/* Begin PBXNativeTarget section */
		5BC2839E1E6142DE00542A87 /* ZDDouYu */ = {
			isa = PBXNativeTarget;
			buildConfigurationList = 5BC283B11E6142DF00542A87 /* Build configuration list for PBXNativeTarget "ZDDouYu" */;
			buildPhases = (
				5BC2839B1E6142DE00542A87 /* Sources */,
				5BC2839C1E6142DE00542A87 /* Frameworks */,
				5BC2839D1E6142DE00542A87 /* Resources */,
			);
			buildRules = (
			);
			dependencies = (
			);
			name = ZDDouYu;
			productName = ZDDouYu;
			productReference = 5BC2839F1E6142DE00542A87 /* ZDDouYu.app */;
			productType = "com.apple.product-type.application";
		};
/* End PBXNativeTarget section */

/* Begin PBXProject section */
		5BC283971E6142DE00542A87 /* Project object */ = {
			isa = PBXProject;
			attributes = {
				CLASSPREFIX = ZD;
				LastSwiftUpdateCheck = 0800;
				LastUpgradeCheck = 0800;
				ORGANIZATIONNAME = Charlicar;
				TargetAttributes = {
					5BC2839E1E6142DE00542A87 = {
						CreatedOnToolsVersion = 8.0;
						DevelopmentTeam = KWR5548ZR3;
						ProvisioningStyle = Automatic;
					};
				};
			};
			buildConfigurationList = 5BC2839A1E6142DE00542A87 /* Build configuration list for PBXProject "ZDDouYu" */;
			compatibilityVersion = "Xcode 3.2";
			developmentRegion = English;
			hasScannedForEncodings = 0;
			knownRegions = (
				en,
				Base,
			);
			mainGroup = 5BC283961E6142DE00542A87;
			productRefGroup = 5BC283A01E6142DE00542A87 /* Products */;
			projectDirPath = "";
			projectRoot = "";
			targets = (
				5BC2839E1E6142DE00542A87 /* ZDDouYu */,
			);
		};
/* End PBXProject section */

/* Begin PBXResourcesBuildPhase section */
		5BC2839D1E6142DE00542A87 /* Resources */ = {
			isa = PBXResourcesBuildPhase;
			buildActionMask = 2147483647;
			files = (
				5BC283AA1E6142DF00542A87 /* Assets.xcassets in Resources */,
			);
			runOnlyForDeploymentPostprocessing = 0;
		};
/* End PBXResourcesBuildPhase section */

/* Begin PBXSourcesBuildPhase section */
		5BC2839B1E6142DE00542A87 /* Sources */ = {
			isa = PBXSourcesBuildPhase;
			buildActionMask = 2147483647;
			files = (
				5BC283D21E61578700542A87 /* ZDLiveViewController.swift in Sources */,
				5BC283BE1E61566600542A87 /* ZDNavigationController.swift in Sources */,
				5BC283A31E6142DE00542A87 /* AppDelegate.swift in Sources */,
				5BC283BC1E61565200542A87 /* ZDTabBarController.swift in Sources */,
				5BC283D01E61577C00542A87 /* ZDHomeViewController.swift in Sources */,
				5BC283D41E61579600542A87 /* ZDFollowViewController.swift in Sources */,
				5BC283D61E6157A100542A87 /* ZDProfileViewController.swift in Sources */,
			);
			runOnlyForDeploymentPostprocessing = 0;
		};
/* End PBXSourcesBuildPhase section */

/* Begin XCBuildConfiguration section */
		5BC283AF1E6142DF00542A87 /* Debug */ = {
			isa = XCBuildConfiguration;
			buildSettings = {
				ALWAYS_SEARCH_USER_PATHS = NO;
				CLANG_ANALYZER_NONNULL = YES;
				CLANG_CXX_LANGUAGE_STANDARD = "gnu++0x";
				CLANG_CXX_LIBRARY = "libc++";
				CLANG_ENABLE_MODULES = YES;
				CLANG_ENABLE_OBJC_ARC = YES;
				CLANG_WARN_BOOL_CONVERSION = YES;
				CLANG_WARN_CONSTANT_CONVERSION = YES;
				CLANG_WARN_DIRECT_OBJC_ISA_USAGE = YES_ERROR;
				CLANG_WARN_DOCUMENTATION_COMMENTS = YES;
				CLANG_WARN_EMPTY_BODY = YES;
				CLANG_WARN_ENUM_CONVERSION = YES;
				CLANG_WARN_INFINITE_RECURSION = YES;
				CLANG_WARN_INT_CONVERSION = YES;
				CLANG_WARN_OBJC_ROOT_CLASS = YES_ERROR;
				CLANG_WARN_SUSPICIOUS_MOVES = YES;
				CLANG_WARN_UNREACHABLE_CODE = YES;
				CLANG_WARN__DUPLICATE_METHOD_MATCH = YES;
				"CODE_SIGN_IDENTITY[sdk=iphoneos*]" = "iPhone Developer";
				COPY_PHASE_STRIP = NO;
				DEBUG_INFORMATION_FORMAT = dwarf;
				ENABLE_STRICT_OBJC_MSGSEND = YES;
				ENABLE_TESTABILITY = YES;
				GCC_C_LANGUAGE_STANDARD = gnu99;
				GCC_DYNAMIC_NO_PIC = NO;
				GCC_NO_COMMON_BLOCKS = YES;
				GCC_OPTIMIZATION_LEVEL = 0;
				GCC_PREPROCESSOR_DEFINITIONS = (
					"DEBUG=1",
					"$(inherited)",
				);
				GCC_WARN_64_TO_32_BIT_CONVERSION = YES;
				GCC_WARN_ABOUT_RETURN_TYPE = YES_ERROR;
				GCC_WARN_UNDECLARED_SELECTOR = YES;
				GCC_WARN_UNINITIALIZED_AUTOS = YES_AGGRESSIVE;
				GCC_WARN_UNUSED_FUNCTION = YES;
				GCC_WARN_UNUSED_VARIABLE = YES;
				IPHONEOS_DEPLOYMENT_TARGET = 10.0;
				MTL_ENABLE_DEBUG_INFO = YES;
				ONLY_ACTIVE_ARCH = YES;
				SDKROOT = iphoneos;
				SWIFT_ACTIVE_COMPILATION_CONDITIONS = DEBUG;
				SWIFT_OPTIMIZATION_LEVEL = "-Onone";
			};
			name = Debug;
		};
		5BC283B01E6142DF00542A87 /* Release */ = {
			isa = XCBuildConfiguration;
			buildSettings = {
				ALWAYS_SEARCH_USER_PATHS = NO;
				CLANG_ANALYZER_NONNULL = YES;
				CLANG_CXX_LANGUAGE_STANDARD = "gnu++0x";
				CLANG_CXX_LIBRARY = "libc++";
				CLANG_ENABLE_MODULES = YES;
				CLANG_ENABLE_OBJC_ARC = YES;
				CLANG_WARN_BOOL_CONVERSION = YES;
				CLANG_WARN_CONSTANT_CONVERSION = YES;
				CLANG_WARN_DIRECT_OBJC_ISA_USAGE = YES_ERROR;
				CLANG_WARN_DOCUMENTATION_COMMENTS = YES;
				CLANG_WARN_EMPTY_BODY = YES;
				CLANG_WARN_ENUM_CONVERSION = YES;
				CLANG_WARN_INFINITE_RECURSION = YES;
				CLANG_WARN_INT_CONVERSION = YES;
				CLANG_WARN_OBJC_ROOT_CLASS = YES_ERROR;
				CLANG_WARN_SUSPICIOUS_MOVES = YES;
				CLANG_WARN_UNREACHABLE_CODE = YES;
				CLANG_WARN__DUPLICATE_METHOD_MATCH = YES;
				"CODE_SIGN_IDENTITY[sdk=iphoneos*]" = "iPhone Developer";
				COPY_PHASE_STRIP = NO;
				DEBUG_INFORMATION_FORMAT = "dwarf-with-dsym";
				ENABLE_NS_ASSERTIONS = NO;
				ENABLE_STRICT_OBJC_MSGSEND = YES;
				GCC_C_LANGUAGE_STANDARD = gnu99;
				GCC_NO_COMMON_BLOCKS = YES;
				GCC_WARN_64_TO_32_BIT_CONVERSION = YES;
				GCC_WARN_ABOUT_RETURN_TYPE = YES_ERROR;
				GCC_WARN_UNDECLARED_SELECTOR = YES;
				GCC_WARN_UNINITIALIZED_AUTOS = YES_AGGRESSIVE;
				GCC_WARN_UNUSED_FUNCTION = YES;
				GCC_WARN_UNUSED_VARIABLE = YES;
				IPHONEOS_DEPLOYMENT_TARGET = 10.0;
				MTL_ENABLE_DEBUG_INFO = NO;
				SDKROOT = iphoneos;
				SWIFT_OPTIMIZATION_LEVEL = "-Owholemodule";
				VALIDATE_PRODUCT = YES;
			};
			name = Release;
		};
		5BC283B21E6142DF00542A87 /* Debug */ = {
			isa = XCBuildConfiguration;
			buildSettings = {
				ASSETCATALOG_COMPILER_APPICON_NAME = AppIcon;
				ASSETCATALOG_COMPILER_LAUNCHIMAGE_NAME = LaunchImage;
				DEVELOPMENT_TEAM = KWR5548ZR3;
				INFOPLIST_FILE = ZDDouYu/Info.plist;
				IPHONEOS_DEPLOYMENT_TARGET = 8.0;
				LD_RUNPATH_SEARCH_PATHS = "$(inherited) @executable_path/Frameworks";
				PRODUCT_BUNDLE_IDENTIFIER = Charlicar.ZD.ZDDouYu;
				PRODUCT_NAME = "$(TARGET_NAME)";
				SWIFT_VERSION = 3.0;
			};
			name = Debug;
		};
		5BC283B31E6142DF00542A87 /* Release */ = {
			isa = XCBuildConfiguration;
			buildSettings = {
				ASSETCATALOG_COMPILER_APPICON_NAME = AppIcon;
				ASSETCATALOG_COMPILER_LAUNCHIMAGE_NAME = LaunchImage;
				DEVELOPMENT_TEAM = KWR5548ZR3;
				INFOPLIST_FILE = ZDDouYu/Info.plist;
				IPHONEOS_DEPLOYMENT_TARGET = 8.0;
				LD_RUNPATH_SEARCH_PATHS = "$(inherited) @executable_path/Frameworks";
				PRODUCT_BUNDLE_IDENTIFIER = Charlicar.ZD.ZDDouYu;
				PRODUCT_NAME = "$(TARGET_NAME)";
				SWIFT_VERSION = 3.0;
			};
			name = Release;
		};
/* End XCBuildConfiguration section */

/* Begin XCConfigurationList section */
		5BC2839A1E6142DE00542A87 /* Build configuration list for PBXProject "ZDDouYu" */ = {
			isa = XCConfigurationList;
			buildConfigurations = (
				5BC283AF1E6142DF00542A87 /* Debug */,
				5BC283B01E6142DF00542A87 /* Release */,
			);
			defaultConfigurationIsVisible = 0;
			defaultConfigurationName = Release;
		};
		5BC283B11E6142DF00542A87 /* Build configuration list for PBXNativeTarget "ZDDouYu" */ = {
			isa = XCConfigurationList;
			buildConfigurations = (
				5BC283B21E6142DF00542A87 /* Debug */,
				5BC283B31E6142DF00542A87 /* Release */,
			);
			defaultConfigurationIsVisible = 0;
		};
/* End XCConfigurationList section */
	};
	rootObject = 5BC283971E6142DE00542A87 /* Project object */;
}
